
Microsoft Visual Studio Solution File, Format Version 12.00
# Visual Studio Version 17
VisualStudioVersion = 17.0.31903.59
MinimumVisualStudioVersion = 10.0.40219.1
Project("{FAE04EC0-301F-11D3-BF4B-00C04F79EFBC}") = "BlinkShare.Api", "BlinkShare.Api\BlinkShare.Api.csproj", "{C1FB0AC4-4502-40FD-9CB7-E2485475E19A}"
EndProject
Project("{FAE04EC0-301F-11D3-BF4B-00C04F79EFBC}") = "BlinkShare.Worker", "BlinkShare.Worker\BlinkShare.Worker.csproj", "{795526F6-C7AD-46B3-BFFA-A7B307276674}"
EndProject
Project("{FAE04EC0-301F-11D3-BF4B-00C04F79EFBC}") = "BlinkShare.Api.UnitTests", "BlinkShare.Api.UnitTests\BlinkShare.Api.UnitTests.csproj", "{18FCACA6-DED9-4E50-8565-CA3AC9956270}"
EndProject
Project("{FAE04EC0-301F-11D3-BF4B-00C04F79EFBC}") = "BlinkShare.Api.IntegrationTests", "BlinkShare.Api.IntegrationTests\BlinkShare.Api.IntegrationTests.csproj", "{2762324C-7CB2-4685-BD40-1CB8A2370015}"
EndProject
Project("{FAE04EC0-301F-11D3-BF4B-00C04F79EFBC}") = "BlinkShare.Worker.UnitTests", "BlinkShare.Worker.UnitTests\BlinkShare.Worker.UnitTests.csproj", "{79DC4AC6-32DE-4550-A154-EB1741AC6BE0}"
EndProject
Global
	GlobalSection(SolutionConfigurationPlatforms) = preSolution
		Debug|Any CPU = Debug|Any CPU
		Debug|x64 = Debug|x64
		Debug|x86 = Debug|x86
		Release|Any CPU = Release|Any CPU
		Release|x64 = Release|x64
		Release|x86 = Release|x86
	EndGlobalSection
	GlobalSection(ProjectConfigurationPlatforms) = postSolution
		{C1FB0AC4-4502-40FD-9CB7-E2485475E19A}.Debug|Any CPU.ActiveCfg = Debug|Any CPU
		{C1FB0AC4-4502-40FD-9CB7-E2485475E19A}.Debug|Any CPU.Build.0 = Debug|Any CPU
		{C1FB0AC4-4502-40FD-9CB7-E2485475E19A}.Debug|x64.ActiveCfg = Debug|Any CPU
		{C1FB0AC4-4502-40FD-9CB7-E2485475E19A}.Debug|x64.Build.0 = Debug|Any CPU
		{C1FB0AC4-4502-40FD-9CB7-E2485475E19A}.Debug|x86.ActiveCfg = Debug|Any CPU
		{C1FB0AC4-4502-40FD-9CB7-E2485475E19A}.Debug|x86.Build.0 = Debug|Any CPU
		{C1FB0AC4-4502-40FD-9CB7-E2485475E19A}.Release|Any CPU.ActiveCfg = Release|Any CPU
		{C1FB0AC4-4502-40FD-9CB7-E2485475E19A}.Release|Any CPU.Build.0 = Release|Any CPU
		{C1FB0AC4-4502-40FD-9CB7-E2485475E19A}.Release|x64.ActiveCfg = Release|Any CPU
		{C1FB0AC4-4502-40FD-9CB7-E2485475E19A}.Release|x64.Build.0 = Release|Any CPU
		{C1FB0AC4-4502-40FD-9CB7-E2485475E19A}.Release|x86.ActiveCfg = Release|Any CPU
		{C1FB0AC4-4502-40FD-9CB7-E2485475E19A}.Release|x86.Build.0 = Release|Any CPU
		{795526F6-C7AD-46B3-BFFA-A7B307276674}.Debug|Any CPU.ActiveCfg = Debug|Any CPU
		{795526F6-C7AD-46B3-BFFA-A7B307276674}.Debug|Any CPU.Build.0 = Debug|Any CPU
		{795526F6-C7AD-46B3-BFFA-A7B307276674}.Debug|x64.ActiveCfg = Debug|Any CPU
		{795526F6-C7AD-46B3-BFFA-A7B307276674}.Debug|x64.Build.0 = Debug|Any CPU
		{795526F6-C7AD-46B3-BFFA-A7B307276674}.Debug|x86.ActiveCfg = Debug|Any CPU
		{795526F6-C7AD-46B3-BFFA-A7B307276674}.Debug|x86.Build.0 = Debug|Any CPU
		{795526F6-C7AD-46B3-BFFA-A7B307276674}.Release|Any CPU.ActiveCfg = Release|Any CPU
		{795526F6-C7AD-46B3-BFFA-A7B307276674}.Release|Any CPU.Build.0 = Release|Any CPU
		{795526F6-C7AD-46B3-BFFA-A7B307276674}.Release|x64.ActiveCfg = Release|Any CPU
		{795526F6-C7AD-46B3-BFFA-A7B307276674}.Release|x64.Build.0 = Release|Any CPU
		{795526F6-C7AD-46B3-BFFA-A7B307276674}.Release|x86.ActiveCfg = Release|Any CPU
		{795526F6-C7AD-46B3-BFFA-A7B307276674}.Release|x86.Build.0 = Release|Any CPU
		{18FCACA6-DED9-4E50-8565-CA3AC9956270}.Debug|Any CPU.ActiveCfg = Debug|Any CPU
		{18FCACA6-DED9-4E50-8565-CA3AC9956270}.Debug|Any CPU.Build.0 = Debug|Any CPU
		{18FCACA6-DED9-4E50-8565-CA3AC9956270}.Debug|x64.ActiveCfg = Debug|Any CPU
		{18FCACA6-DED9-4E50-8565-CA3AC9956270}.Debug|x64.Build.0 = Debug|Any CPU
		{18FCACA6-DED9-4E50-8565-CA3AC9956270}.Debug|x86.ActiveCfg = Debug|Any CPU
		{18FCACA6-DED9-4E50-8565-CA3AC9956270}.Debug|x86.Build.0 = Debug|Any CPU
		{18FCACA6-DED9-4E50-8565-CA3AC9956270}.Release|Any CPU.ActiveCfg = Release|Any CPU
		{18FCACA6-DED9-4E50-8565-CA3AC9956270}.Release|Any CPU.Build.0 = Release|Any CPU
		{18FCACA6-DED9-4E50-8565-CA3AC9956270}.Release|x64.ActiveCfg = Release|Any CPU
		{18FCACA6-DED9-4E50-8565-CA3AC9956270}.Release|x64.Build.0 = Release|Any CPU
		{18FCACA6-DED9-4E50-8565-CA3AC9956270}.Release|x86.ActiveCfg = Release|Any CPU
		{18FCACA6-DED9-4E50-8565-CA3AC9956270}.Release|x86.Build.0 = Release|Any CPU
		{2762324C-7CB2-4685-BD40-1CB8A2370015}.Debug|Any CPU.ActiveCfg = Debug|Any CPU
		{2762324C-7CB2-4685-BD40-1CB8A2370015}.Debug|Any CPU.Build.0 = Debug|Any CPU
		{2762324C-7CB2-4685-BD40-1CB8A2370015}.Debug|x64.ActiveCfg = Debug|Any CPU
		{2762324C-7CB2-4685-BD40-1CB8A2370015}.Debug|x64.Build.0 = Debug|Any CPU
		{2762324C-7CB2-4685-BD40-1CB8A2370015}.Debug|x86.ActiveCfg = Debug|Any CPU
		{2762324C-7CB2-4685-BD40-1CB8A2370015}.Debug|x86.Build.0 = Debug|Any CPU
		{2762324C-7CB2-4685-BD40-1CB8A2370015}.Release|Any CPU.ActiveCfg = Release|Any CPU
		{2762324C-7CB2-4685-BD40-1CB8A2370015}.Release|Any CPU.Build.0 = Release|Any CPU
		{2762324C-7CB2-4685-BD40-1CB8A2370015}.Release|x64.ActiveCfg = Release|Any CPU
		{2762324C-7CB2-4685-BD40-1CB8A2370015}.Release|x64.Build.0 = Release|Any CPU
		{2762324C-7CB2-4685-BD40-1CB8A2370015}.Release|x86.ActiveCfg = Release|Any CPU
		{2762324C-7CB2-4685-BD40-1CB8A2370015}.Release|x86.Build.0 = Release|Any CPU
		{79DC4AC6-32DE-4550-A154-EB1741AC6BE0}.Debug|Any CPU.ActiveCfg = Debug|Any CPU
		{79DC4AC6-32DE-4550-A154-EB1741AC6BE0}.Debug|Any CPU.Build.0 = Debug|Any CPU
		{79DC4AC6-32DE-4550-A154-EB1741AC6BE0}.Debug|x64.ActiveCfg = Debug|Any CPU
		{79DC4AC6-32DE-4550-A154-EB1741AC6BE0}.Debug|x64.Build.0 = Debug|Any CPU
		{79DC4AC6-32DE-4550-A154-EB1741AC6BE0}.Debug|x86.ActiveCfg = Debug|Any CPU
		{79DC4AC6-32DE-4550-A154-EB1741AC6BE0}.Debug|x86.Build.0 = Debug|Any CPU
		{79DC4AC6-32DE-4550-A154-EB1741AC6BE0}.Release|Any CPU.ActiveCfg = Release|Any CPU
		{79DC4AC6-32DE-4550-A154-EB1741AC6BE0}.Release|Any CPU.Build.0 = Release|Any CPU
		{79DC4AC6-32DE-4550-A154-EB1741AC6BE0}.Release|x64.ActiveCfg = Release|Any CPU
		{79DC4AC6-32DE-4550-A154-EB1741AC6BE0}.Release|x64.Build.0 = Release|Any CPU
		{79DC4AC6-32DE-4550-A154-EB1741AC6BE0}.Release|x86.ActiveCfg = Release|Any CPU
		{79DC4AC6-32DE-4550-A154-EB1741AC6BE0}.Release|x86.Build.0 = Release|Any CPU
	EndGlobalSection
	GlobalSection(SolutionProperties) = preSolution
		HideSolutionNode = FALSE
	EndGlobalSection
EndGlobal
